
Microsoft Visual Studio Solution File, Format Version 12.00
# Visual Studio Version 16
VisualStudioVersion = 16.0.29411.108
MinimumVisualStudioVersion = 10.0.40219.1
Project("{FAE04EC0-301F-11D3-BF4B-00C04F79EFBC}") = "LoadXamlFile", "LoadXamlFile.csproj", "{58F0DF17-B49F-48D0-B848-AEBDA871622D}"
EndProject
Global
	GlobalSection(SolutionConfigurationPlatforms) = preSolution
		Debug|Any CPU = Debug|Any CPU
		Release|Any CPU = Release|Any CPU
	EndGlobalSection
	GlobalSection(ProjectConfigurationPlatforms) = postSolution
		{58F0DF17-B49F-48D0-B848-AEBDA871622D}.Debug|Any CPU.ActiveCfg = Debug|Any CPU
		{58F0DF17-B49F-48D0-B848-AEBDA871622D}.Debug|Any CPU.Build.0 = Debug|Any CPU
		{58F0DF17-B49F-48D0-B848-AEBDA871622D}.Release|Any CPU.ActiveCfg = Release|Any CPU
		{58F0DF17-B49F-48D0-B848-AEBDA871622D}.Release|Any CPU.Build.0 = Release|Any CPU
	EndGlobalSection
	GlobalSection(SolutionProperties) = preSolution
		HideSolutionNode = FALSE
	EndGlobalSection
	GlobalSection(ExtensibilityGlobals) = postSolution
		SolutionGuid = {D1A5A5A7-CAC4-44C5-A84E-85948B3545A6}
	EndGlobalSection
EndGlobal
